<?xml version="1.0" encoding="UTF-8" standalone="yes" ?>
<CodeBlocks_project_file>
	<FileVersion major="1" minor="6" />
	<Project>
		<Option title="Debugger WXDAP DLL" />
		<Option compiler="gcc" />
		<Build>
			<Target title="Debugger_WXDAP">
				<Option output="../../../../devel31/debugger_wxdap" prefix_auto="0" extension_auto="1" />
				<Option working_dir="../../../../devel31" />
				<Option object_output="../../../../.objs31/debugger_wxdap" />
				<Option type="3" />
				<Option createStaticLib="1" />
				<Option projectLinkerOptionsRelation="2" />
			</Target>
			<Environment>
				<Variable name="WX_CFG" value="" />
				<Variable name="WX_SUFFIX" value="u" />
				<Variable name="WX_VERSION" value="31" />
			</Environment>
		</Build>
		<VirtualTargets>
			<Add alias="All" targets="Debugger_WXDAP" />
		</VirtualTargets>
		<Compiler>
			<Add option="-Wall" />
			<Add option="-std=c++11" />
			<Add option="$(#CB_RELEASE_TYPE)" />
			<Add option="-pipe" />
			<Add option="-fmessage-length=0" />
			<Add option="-fexceptions" />
			<Add option="-mthreads" />
			<Add option="-fno-keep-inline-dllexport" />
			<Add option="-DBUILDING_PLUGIN" />
			<Add option="-DHAVE_W32API_H" />
			<Add option="-D__WXMSW__" />
			<Add option="-DWXUSINGDLL" />
			<Add option="-DcbDEBUG" />
			<Add option="-DwxUSE_UNICODE" />
			<Add option="-D_WIN32" />
			<Add directory="." />
			<Add directory="$(#WX31.include)" />
			<Add directory="$(#WX31.lib)/gcc_dll$(WX_CFG)/msw$(WX_SUFFIX)" />
		</Compiler>
		<ResourceCompiler>
			<Add directory="$(#WX31.include)" />
			<Add directory="$(#WX31)/lib/gcc_dll$(WX_CFG)/msw$(WX_SUFFIX)" />
		</ResourceCompiler>
		<Linker>
			<Add option="-mthreads" />
			<Add option="-Wl,--enable-auto-image-base" />
			<Add option="-Wl,--add-stdcall-alias" />
			<Add option="-Wl,--enable-auto-import" />
			<Add option="-Wl,--no-undefined" />
			<Add library="wxmsw$(WX_VERSION)$(WX_SUFFIX)" />
			<Add directory="$(#WX31.lib)/gcc_dll$(WX_CFG)" />
			<Add library="ws2_32" />
		</Linker>
		<Unit filename="manifest.rc" >
			<Option compilerVar="WINDRES" />
		</Unit>
		<Unit filename="cJSON.cpp"/>
		<Unit filename="cJSON.hpp"/>
		<Unit filename="Client.cpp"/>
		<Unit filename="Client.hpp"/>
		<Unit filename="CMakeLists.txt"/>
		<Unit filename="ConnectionString.cpp"/>
		<Unit filename="ConnectionString.hpp"/>
		<Unit filename="dap.cpp"/>
		<Unit filename="dap.hpp"/>
		<Unit filename="DAPEvent.cpp"/>
		<Unit filename="DAPEvent.hpp"/>
		<Unit filename="dap_exports.hpp"/>
		<Unit filename="Exception.cpp"/>
		<Unit filename="Exception.hpp"/>
		<Unit filename="JSON.cpp"/>
		<Unit filename="JSON.hpp"/>
		<Unit filename="JsonRPC.cpp"/>
		<Unit filename="JsonRPC.hpp"/>
		<Unit filename="linux.cpp"/>
		<Unit filename="Log.cpp"/>
		<Unit filename="Log.hpp"/>
		<Unit filename="msw.cpp"/>
		<Unit filename="Process.cpp"/>
		<Unit filename="Process.hpp"/>
		<Unit filename="Queue.hpp"/>
		<Unit filename="ServerProtocol.cpp"/>
		<Unit filename="ServerProtocol.hpp"/>
		<Unit filename="Socket.cpp"/>
		<Unit filename="Socket.hpp"/>
		<Unit filename="SocketClient.cpp"/>
		<Unit filename="SocketClient.hpp"/>
		<Unit filename="SocketServer.cpp"/>
		<Unit filename="SocketServer.hpp"/>
		<Unit filename="StringUtils.cpp"/>
		<Unit filename="StringUtils.hpp"/>
		<Unit filename="UnixProcess.cpp"/>
		<Unit filename="UnixProcess.hpp"/>
	</Project>
</CodeBlocks_project_file>
